Microsoft Visual Studio Solution File, Format Version 11.00
# Visual Studio 2008

Project("{6106F248-4A09-9823-887A-DBF24951D743}") = "DogFightUnity", "Assembly-CSharp-firstpass.csproj", "{E35176F4-EF16-7A8F-3598-83DE6C24CC3B}"
EndProject
Project("{6106F248-4A09-9823-887A-DBF24951D743}") = "DogFightUnity", "Assembly-CSharp.csproj", "{8B0E395B-4D03-D12F-88BE-409D82186EA6}"
EndProject
Project("{6106F248-4A09-9823-887A-DBF24951D743}") = "DogFightUnity", "Assembly-CSharp-Editor.csproj", "{19395D95-6E78-3FE9-37EB-CF6F2BAEAD25}"
EndProject
Global
	GlobalSection(SolutionConfigurationPlatforms) = preSolution
		Debug|Any CPU = Debug|Any CPU
		Release|Any CPU = Release|Any CPU
	EndGlobalSection
	GlobalSection(ProjectConfigurationPlatforms) = postSolution
		{E35176F4-EF16-7A8F-3598-83DE6C24CC3B}.Debug|Any CPU.ActiveCfg = Debug|Any CPU
		{E35176F4-EF16-7A8F-3598-83DE6C24CC3B}.Debug|Any CPU.Build.0 = Debug|Any CPU
		{E35176F4-EF16-7A8F-3598-83DE6C24CC3B}.Release|Any CPU.ActiveCfg = Release|Any CPU
		{E35176F4-EF16-7A8F-3598-83DE6C24CC3B}.Release|Any CPU.Build.0 = Release|Any CPU
		{8B0E395B-4D03-D12F-88BE-409D82186EA6}.Debug|Any CPU.ActiveCfg = Debug|Any CPU
		{8B0E395B-4D03-D12F-88BE-409D82186EA6}.Debug|Any CPU.Build.0 = Debug|Any CPU
		{8B0E395B-4D03-D12F-88BE-409D82186EA6}.Release|Any CPU.ActiveCfg = Release|Any CPU
		{8B0E395B-4D03-D12F-88BE-409D82186EA6}.Release|Any CPU.Build.0 = Release|Any CPU
		{19395D95-6E78-3FE9-37EB-CF6F2BAEAD25}.Debug|Any CPU.ActiveCfg = Debug|Any CPU
		{19395D95-6E78-3FE9-37EB-CF6F2BAEAD25}.Debug|Any CPU.Build.0 = Debug|Any CPU
		{19395D95-6E78-3FE9-37EB-CF6F2BAEAD25}.Release|Any CPU.ActiveCfg = Release|Any CPU
		{19395D95-6E78-3FE9-37EB-CF6F2BAEAD25}.Release|Any CPU.Build.0 = Release|Any CPU
	EndGlobalSection
	GlobalSection(SolutionProperties) = preSolution
		HideSolutionNode = FALSE
	EndGlobalSection
					GlobalSection(MonoDevelopProperties) = preSolution
		StartupItem = Assembly-CSharp.csproj
		Policies = $0
		$0.TextStylePolicy = $1
		$1.inheritsSet = null
		$1.scope = text/x-csharp
		$0.CSharpFormattingPolicy = $2
		$2.inheritsSet = Mono
		$2.inheritsScope = text/x-csharp
		$2.scope = text/x-csharp
		$0.TextStylePolicy = $3
		$3.FileWidth = 120
		$3.TabWidth = 4
		$3.IndentWidth = 4
		$3.EolMarker = Unix
		$3.inheritsSet = Mono
		$3.inheritsScope = text/plain
		$3.scope = text/plain
	EndGlobalSection

EndGlobal
